
Microsoft Visual Studio Solution File, Format Version 11.00
# Visual Studio 2010
Project("{FAE04EC0-301F-11D3-BF4B-00C04F79EFBC}") = "Assembly-CSharp", "Assembly-CSharp.csproj", "{795b02c5-e9c4-4518-47f1-1df500307a1d}"
EndProject
Project("{FAE04EC0-301F-11D3-BF4B-00C04F79EFBC}") = "Assembly-CSharp-firstpass", "Assembly-CSharp-firstpass.csproj", "{a1ee8a82-55b3-d435-f1e7-b87aa0ed885c}"
EndProject
Global
	GlobalSection(SolutionConfigurationPlatforms) = preSolution
		Debug|Any CPU = Debug|Any CPU
	EndGlobalSection
	GlobalSection(ProjectConfigurationPlatforms) = postSolution
		{795b02c5-e9c4-4518-47f1-1df500307a1d}.Debug|Any CPU.ActiveCfg = Debug|Any CPU
		{795b02c5-e9c4-4518-47f1-1df500307a1d}.Debug|Any CPU.Build.0 = Debug|Any CPU
		{a1ee8a82-55b3-d435-f1e7-b87aa0ed885c}.Debug|Any CPU.ActiveCfg = Debug|Any CPU
		{a1ee8a82-55b3-d435-f1e7-b87aa0ed885c}.Debug|Any CPU.Build.0 = Debug|Any CPU
	EndGlobalSection
	GlobalSection(SolutionProperties) = preSolution
		HideSolutionNode = FALSE
	EndGlobalSection
EndGlobal
